// !$*UTF8*$!
{
	archiveVersion = 1;
	classes = {
	};
	objectVersion = 56;
	objects = {

/* Begin PBXBuildFile section */
		FD3344D12C876F3000B61B57 /* WeddingRotatingColor.swift in Sources */ = {isa = PBXBuildFile; fileRef = FD3344D02C876F3000B61B57 /* WeddingRotatingColor.swift */; };
		FD3344D42C87DC1300B61B57 /* Playlist.swift in Sources */ = {isa = PBXBuildFile; fileRef = FD3344D32C87DC1300B61B57 /* Playlist.swift */; };
		FD3344D62C87E4F900B61B57 /* PlaylistDetailView.swift in Sources */ = {isa = PBXBuildFile; fileRef = FD3344D52C87E4F900B61B57 /* PlaylistDetailView.swift */; };
		FD37767A2C9B45A40027497C /* EventInformationView.swift in Sources */ = {isa = PBXBuildFile; fileRef = FD3776792C9B45A40027497C /* EventInformationView.swift */; };
		FD5124112C7D0E3F002B6DB8 /* SpotifyAuthManager.swift in Sources */ = {isa = PBXBuildFile; fileRef = FD5124102C7D0E3F002B6DB8 /* SpotifyAuthManager.swift */; };
		FD5124132C7D0FF5002B6DB8 /* SpotifyPlaylistView.swift in Sources */ = {isa = PBXBuildFile; fileRef = FD5124122C7D0FF5002B6DB8 /* SpotifyPlaylistView.swift */; };
		FD5124162C7E129D002B6DB8 /* SpotifyiOS in Frameworks */ = {isa = PBXBuildFile; productRef = FD5124152C7E129D002B6DB8 /* SpotifyiOS */; };
		FD660BB62C8C343400F811A6 /* CreatePlaylistView.swift in Sources */ = {isa = PBXBuildFile; fileRef = FD660BB52C8C343400F811A6 /* CreatePlaylistView.swift */; };
		FD660BB82C8D61E000F811A6 /* EventInfoSheet.swift in Sources */ = {isa = PBXBuildFile; fileRef = FD660BB72C8D61E000F811A6 /* EventInfoSheet.swift */; };
		FD6CF0E72C6BF7180070B7FE /* SyncContactsView.swift in Sources */ = {isa = PBXBuildFile; fileRef = FD6CF0E62C6BF7180070B7FE /* SyncContactsView.swift */; };
		FD6CF0EA2C6E42170070B7FE /* Event.swift in Sources */ = {isa = PBXBuildFile; fileRef = FD6CF0E92C6E42170070B7FE /* Event.swift */; };
		FD6CF0ED2C6E452F0070B7FE /* EventListView.swift in Sources */ = {isa = PBXBuildFile; fileRef = FD6CF0EC2C6E452F0070B7FE /* EventListView.swift */; };
		FD6CF0EF2C6E47050070B7FE /* EventViewModel.swift in Sources */ = {isa = PBXBuildFile; fileRef = FD6CF0EE2C6E47050070B7FE /* EventViewModel.swift */; };
		FD6CF0F12C6E49A40070B7FE /* EditEventView.swift in Sources */ = {isa = PBXBuildFile; fileRef = FD6CF0F02C6E49A40070B7FE /* EditEventView.swift */; };
		FD6CF0F32C6E52960070B7FE /* AddEventView.swift in Sources */ = {isa = PBXBuildFile; fileRef = FD6CF0F22C6E52960070B7FE /* AddEventView.swift */; };
		FDCECBF52C575B700020C37D /* ourPlanApp.swift in Sources */ = {isa = PBXBuildFile; fileRef = FDCECBF42C575B700020C37D /* ourPlanApp.swift */; };
		FDCECBF72C575B700020C37D /* ContentView.swift in Sources */ = {isa = PBXBuildFile; fileRef = FDCECBF62C575B700020C37D /* ContentView.swift */; };
		FDCECBF92C575B700020C37D /* Assets.xcassets in Resources */ = {isa = PBXBuildFile; fileRef = FDCECBF82C575B700020C37D /* Assets.xcassets */; };
		FDCECBFC2C575B710020C37D /* Preview Assets.xcassets in Resources */ = {isa = PBXBuildFile; fileRef = FDCECBFB2C575B710020C37D /* Preview Assets.xcassets */; };
		FDCECBFE2C575B710020C37D /* Persistence.swift in Sources */ = {isa = PBXBuildFile; fileRef = FDCECBFD2C575B710020C37D /* Persistence.swift */; };
		FDCECC012C575B710020C37D /* ourPlan.xcdatamodeld in Sources */ = {isa = PBXBuildFile; fileRef = FDCECBFF2C575B710020C37D /* ourPlan.xcdatamodeld */; };
		FDCECC082C575B930020C37D /* Main.swift in Sources */ = {isa = PBXBuildFile; fileRef = FDCECC072C575B930020C37D /* Main.swift */; };
		FDCECC0A2C59201B0020C37D /* Person.swift in Sources */ = {isa = PBXBuildFile; fileRef = FDCECC092C59201B0020C37D /* Person.swift */; };
		FDCECC102C5921180020C37D /* PeopleViewModel.swift in Sources */ = {isa = PBXBuildFile; fileRef = FDCECC0F2C5921180020C37D /* PeopleViewModel.swift */; };
		FDCECC132C59253B0020C37D /* PeopleListView.swift in Sources */ = {isa = PBXBuildFile; fileRef = FDCECC122C59253B0020C37D /* PeopleListView.swift */; };
		FDCECC152C5925720020C37D /* AddPersonView.swift in Sources */ = {isa = PBXBuildFile; fileRef = FDCECC142C5925720020C37D /* AddPersonView.swift */; };
		FDCECC172C5925930020C37D /* EditPersonView.swift in Sources */ = {isa = PBXBuildFile; fileRef = FDCECC162C5925930020C37D /* EditPersonView.swift */; };
		FDCECC3E2C5931650020C37D /* FSCalendar in Frameworks */ = {isa = PBXBuildFile; productRef = FDCECC3D2C5931650020C37D /* FSCalendar */; };
		FDCECC492C6537640020C37D /* Map.swift in Sources */ = {isa = PBXBuildFile; fileRef = FDCECC482C6537640020C37D /* Map.swift */; };
		FDCECC4D2C653B2D0020C37D /* MapViewModel.swift in Sources */ = {isa = PBXBuildFile; fileRef = FDCECC4C2C653B2D0020C37D /* MapViewModel.swift */; };
		FDCECC4F2C653B550020C37D /* MapDisplayView.swift in Sources */ = {isa = PBXBuildFile; fileRef = FDCECC4E2C653B550020C37D /* MapDisplayView.swift */; };
		FDCECC512C653E330020C37D /* LocationInfoView.swift in Sources */ = {isa = PBXBuildFile; fileRef = FDCECC502C653E330020C37D /* LocationInfoView.swift */; };
		FDCECC532C654B880020C37D /* FilterSheetView.swift in Sources */ = {isa = PBXBuildFile; fileRef = FDCECC522C654B880020C37D /* FilterSheetView.swift */; };
		FDCECC552C6555640020C37D /* FilterView.swift in Sources */ = {isa = PBXBuildFile; fileRef = FDCECC542C6555640020C37D /* FilterView.swift */; };
		FDCECC572C6680EB0020C37D /* WeddingHomeView.swift in Sources */ = {isa = PBXBuildFile; fileRef = FDCECC562C6680EB0020C37D /* WeddingHomeView.swift */; };
		FDCECC5A2C6681500020C37D /* ProfileView.swift in Sources */ = {isa = PBXBuildFile; fileRef = FDCECC592C6681500020C37D /* ProfileView.swift */; };
		FDCECC5C2C66A7190020C37D /* BackgroundFunctions.swift in Sources */ = {isa = PBXBuildFile; fileRef = FDCECC5B2C66A7190020C37D /* BackgroundFunctions.swift */; };
		FDCECC5E2C66A72E0020C37D /* NameEntryView.swift in Sources */ = {isa = PBXBuildFile; fileRef = FDCECC5D2C66A72E0020C37D /* NameEntryView.swift */; };
		FDEE6B2C2C8F856F00213E85 /* HomeScreenGradient.swift in Sources */ = {isa = PBXBuildFile; fileRef = FDEE6B2B2C8F856F00213E85 /* HomeScreenGradient.swift */; };
		FDEEA1C92C87515300BC8645 /* SpotifyRotatingColor.swift in Sources */ = {isa = PBXBuildFile; fileRef = FDEEA1C82C87515300BC8645 /* SpotifyRotatingColor.swift */; };
		FDEEA1CB2C875E3A00BC8645 /* hexExtension.swift in Sources */ = {isa = PBXBuildFile; fileRef = FDEEA1CA2C875E3A00BC8645 /* hexExtension.swift */; };
		FDF75EE32C99D3FC001B1C8B /* CreateCustomFilterView.swift in Sources */ = {isa = PBXBuildFile; fileRef = FDF75EE22C99D3FC001B1C8B /* CreateCustomFilterView.swift */; };
		FDF75EE52C99D7C7001B1C8B /* ManageFiltersView.swift in Sources */ = {isa = PBXBuildFile; fileRef = FDF75EE42C99D7C7001B1C8B /* ManageFiltersView.swift */; };
		FDF75EE82C99DCF4001B1C8B /* CustomSheetModifier.swift in Sources */ = {isa = PBXBuildFile; fileRef = FDF75EE72C99DCF4001B1C8B /* CustomSheetModifier.swift */; };
/* End PBXBuildFile section */

/* Begin PBXFileReference section */
		FD3344D02C876F3000B61B57 /* WeddingRotatingColor.swift */ = {isa = PBXFileReference; lastKnownFileType = sourcecode.swift; path = WeddingRotatingColor.swift; sourceTree = "<group>"; };
		FD3344D32C87DC1300B61B57 /* Playlist.swift */ = {isa = PBXFileReference; lastKnownFileType = sourcecode.swift; path = Playlist.swift; sourceTree = "<group>"; };
		FD3344D52C87E4F900B61B57 /* PlaylistDetailView.swift */ = {isa = PBXFileReference; lastKnownFileType = sourcecode.swift; path = PlaylistDetailView.swift; sourceTree = "<group>"; };
		FD3776792C9B45A40027497C /* EventInformationView.swift */ = {isa = PBXFileReference; lastKnownFileType = sourcecode.swift; path = EventInformationView.swift; sourceTree = "<group>"; };
		FD5124102C7D0E3F002B6DB8 /* SpotifyAuthManager.swift */ = {isa = PBXFileReference; lastKnownFileType = sourcecode.swift; path = SpotifyAuthManager.swift; sourceTree = "<group>"; };
		FD5124122C7D0FF5002B6DB8 /* SpotifyPlaylistView.swift */ = {isa = PBXFileReference; lastKnownFileType = sourcecode.swift; path = SpotifyPlaylistView.swift; sourceTree = "<group>"; };
		FD660BB52C8C343400F811A6 /* CreatePlaylistView.swift */ = {isa = PBXFileReference; lastKnownFileType = sourcecode.swift; path = CreatePlaylistView.swift; sourceTree = "<group>"; };
		FD660BB72C8D61E000F811A6 /* EventInfoSheet.swift */ = {isa = PBXFileReference; lastKnownFileType = sourcecode.swift; path = EventInfoSheet.swift; sourceTree = "<group>"; };
		FD6CF0E62C6BF7180070B7FE /* SyncContactsView.swift */ = {isa = PBXFileReference; lastKnownFileType = sourcecode.swift; path = SyncContactsView.swift; sourceTree = "<group>"; };
		FD6CF0E82C6BF8910070B7FE /* Info.plist */ = {isa = PBXFileReference; lastKnownFileType = text.plist; path = Info.plist; sourceTree = "<group>"; };
		FD6CF0E92C6E42170070B7FE /* Event.swift */ = {isa = PBXFileReference; lastKnownFileType = sourcecode.swift; path = Event.swift; sourceTree = "<group>"; };
		FD6CF0EC2C6E452F0070B7FE /* EventListView.swift */ = {isa = PBXFileReference; lastKnownFileType = sourcecode.swift; path = EventListView.swift; sourceTree = "<group>"; };
		FD6CF0EE2C6E47050070B7FE /* EventViewModel.swift */ = {isa = PBXFileReference; lastKnownFileType = sourcecode.swift; path = EventViewModel.swift; sourceTree = "<group>"; };
		FD6CF0F02C6E49A40070B7FE /* EditEventView.swift */ = {isa = PBXFileReference; lastKnownFileType = sourcecode.swift; path = EditEventView.swift; sourceTree = "<group>"; };
		FD6CF0F22C6E52960070B7FE /* AddEventView.swift */ = {isa = PBXFileReference; lastKnownFileType = sourcecode.swift; path = AddEventView.swift; sourceTree = "<group>"; };
		FDCECBF12C575B700020C37D /* ourPlan.app */ = {isa = PBXFileReference; explicitFileType = wrapper.application; includeInIndex = 0; path = ourPlan.app; sourceTree = BUILT_PRODUCTS_DIR; };
		FDCECBF42C575B700020C37D /* ourPlanApp.swift */ = {isa = PBXFileReference; lastKnownFileType = sourcecode.swift; path = ourPlanApp.swift; sourceTree = "<group>"; };
		FDCECBF62C575B700020C37D /* ContentView.swift */ = {isa = PBXFileReference; lastKnownFileType = sourcecode.swift; path = ContentView.swift; sourceTree = "<group>"; };
		FDCECBF82C575B700020C37D /* Assets.xcassets */ = {isa = PBXFileReference; lastKnownFileType = folder.assetcatalog; path = Assets.xcassets; sourceTree = "<group>"; };
		FDCECBFB2C575B710020C37D /* Preview Assets.xcassets */ = {isa = PBXFileReference; lastKnownFileType = folder.assetcatalog; path = "Preview Assets.xcassets"; sourceTree = "<group>"; };
		FDCECBFD2C575B710020C37D /* Persistence.swift */ = {isa = PBXFileReference; lastKnownFileType = sourcecode.swift; path = Persistence.swift; sourceTree = "<group>"; };
		FDCECC002C575B710020C37D /* ourPlan.xcdatamodel */ = {isa = PBXFileReference; lastKnownFileType = wrapper.xcdatamodel; path = ourPlan.xcdatamodel; sourceTree = "<group>"; };
		FDCECC072C575B930020C37D /* Main.swift */ = {isa = PBXFileReference; lastKnownFileType = sourcecode.swift; path = Main.swift; sourceTree = "<group>"; };
		FDCECC092C59201B0020C37D /* Person.swift */ = {isa = PBXFileReference; lastKnownFileType = sourcecode.swift; path = Person.swift; sourceTree = "<group>"; };
		FDCECC0F2C5921180020C37D /* PeopleViewModel.swift */ = {isa = PBXFileReference; lastKnownFileType = sourcecode.swift; path = PeopleViewModel.swift; sourceTree = "<group>"; };
		FDCECC122C59253B0020C37D /* PeopleListView.swift */ = {isa = PBXFileReference; lastKnownFileType = sourcecode.swift; path = PeopleListView.swift; sourceTree = "<group>"; };
		FDCECC142C5925720020C37D /* AddPersonView.swift */ = {isa = PBXFileReference; lastKnownFileType = sourcecode.swift; path = AddPersonView.swift; sourceTree = "<group>"; };
		FDCECC162C5925930020C37D /* EditPersonView.swift */ = {isa = PBXFileReference; lastKnownFileType = sourcecode.swift; path = EditPersonView.swift; sourceTree = "<group>"; };
		FDCECC482C6537640020C37D /* Map.swift */ = {isa = PBXFileReference; lastKnownFileType = sourcecode.swift; path = Map.swift; sourceTree = "<group>"; };
		FDCECC4C2C653B2D0020C37D /* MapViewModel.swift */ = {isa = PBXFileReference; lastKnownFileType = sourcecode.swift; path = MapViewModel.swift; sourceTree = "<group>"; };
		FDCECC4E2C653B550020C37D /* MapDisplayView.swift */ = {isa = PBXFileReference; lastKnownFileType = sourcecode.swift; path = MapDisplayView.swift; sourceTree = "<group>"; };
		FDCECC502C653E330020C37D /* LocationInfoView.swift */ = {isa = PBXFileReference; lastKnownFileType = sourcecode.swift; path = LocationInfoView.swift; sourceTree = "<group>"; };
		FDCECC522C654B880020C37D /* FilterSheetView.swift */ = {isa = PBXFileReference; lastKnownFileType = sourcecode.swift; path = FilterSheetView.swift; sourceTree = "<group>"; };
		FDCECC542C6555640020C37D /* FilterView.swift */ = {isa = PBXFileReference; lastKnownFileType = sourcecode.swift; path = FilterView.swift; sourceTree = "<group>"; };
		FDCECC562C6680EB0020C37D /* WeddingHomeView.swift */ = {isa = PBXFileReference; lastKnownFileType = sourcecode.swift; path = WeddingHomeView.swift; sourceTree = "<group>"; };
		FDCECC592C6681500020C37D /* ProfileView.swift */ = {isa = PBXFileReference; lastKnownFileType = sourcecode.swift; path = ProfileView.swift; sourceTree = "<group>"; };
		FDCECC5B2C66A7190020C37D /* BackgroundFunctions.swift */ = {isa = PBXFileReference; lastKnownFileType = sourcecode.swift; path = BackgroundFunctions.swift; sourceTree = "<group>"; };
		FDCECC5D2C66A72E0020C37D /* NameEntryView.swift */ = {isa = PBXFileReference; lastKnownFileType = sourcecode.swift; path = NameEntryView.swift; sourceTree = "<group>"; };
		FDEE6B2B2C8F856F00213E85 /* HomeScreenGradient.swift */ = {isa = PBXFileReference; lastKnownFileType = sourcecode.swift; path = HomeScreenGradient.swift; sourceTree = "<group>"; };
		FDEEA1C82C87515300BC8645 /* SpotifyRotatingColor.swift */ = {isa = PBXFileReference; lastKnownFileType = sourcecode.swift; path = SpotifyRotatingColor.swift; sourceTree = "<group>"; };
		FDEEA1CA2C875E3A00BC8645 /* hexExtension.swift */ = {isa = PBXFileReference; lastKnownFileType = sourcecode.swift; path = hexExtension.swift; sourceTree = "<group>"; };
		FDF75EE22C99D3FC001B1C8B /* CreateCustomFilterView.swift */ = {isa = PBXFileReference; lastKnownFileType = sourcecode.swift; path = CreateCustomFilterView.swift; sourceTree = "<group>"; };
		FDF75EE42C99D7C7001B1C8B /* ManageFiltersView.swift */ = {isa = PBXFileReference; lastKnownFileType = sourcecode.swift; path = ManageFiltersView.swift; sourceTree = "<group>"; };
		FDF75EE72C99DCF4001B1C8B /* CustomSheetModifier.swift */ = {isa = PBXFileReference; lastKnownFileType = sourcecode.swift; path = CustomSheetModifier.swift; sourceTree = "<group>"; };
/* End PBXFileReference section */

/* Begin PBXFrameworksBuildPhase section */
		FDCECBEE2C575B700020C37D /* Frameworks */ = {
			isa = PBXFrameworksBuildPhase;
			buildActionMask = 2147483647;
			files = (
				FDCECC3E2C5931650020C37D /* FSCalendar in Frameworks */,
				FD5124162C7E129D002B6DB8 /* SpotifyiOS in Frameworks */,
			);
			runOnlyForDeploymentPostprocessing = 0;
		};
/* End PBXFrameworksBuildPhase section */

/* Begin PBXGroup section */
		FD3344D22C876F3500B61B57 /* ViewModifers */ = {
			isa = PBXGroup;
			children = (
				FDEEA1C82C87515300BC8645 /* SpotifyRotatingColor.swift */,
				FD3344D02C876F3000B61B57 /* WeddingRotatingColor.swift */,
				FDEE6B2B2C8F856F00213E85 /* HomeScreenGradient.swift */,
				FDEEA1CA2C875E3A00BC8645 /* hexExtension.swift */,
				FDF75EE72C99DCF4001B1C8B /* CustomSheetModifier.swift */,
			);
			name = ViewModifers;
			sourceTree = "<group>";
		};
		FD3776752C9B31EC0027497C /* Frameworks */ = {
			isa = PBXGroup;
			children = (
			);
			name = Frameworks;
			sourceTree = "<group>";
		};
		FD6CF0E52C6BEC050070B7FE /* Spotify Playlist */ = {
			isa = PBXGroup;
			children = (
				FD3344D32C87DC1300B61B57 /* Playlist.swift */,
				FD5124102C7D0E3F002B6DB8 /* SpotifyAuthManager.swift */,
				FD5124122C7D0FF5002B6DB8 /* SpotifyPlaylistView.swift */,
				FD3344D52C87E4F900B61B57 /* PlaylistDetailView.swift */,
				FD660BB52C8C343400F811A6 /* CreatePlaylistView.swift */,
			);
			name = "Spotify Playlist";
			sourceTree = "<group>";
		};
		FD6CF0EB2C6E421B0070B7FE /* Events */ = {
			isa = PBXGroup;
			children = (
				FD6CF0E92C6E42170070B7FE /* Event.swift */,
				FD6CF0EE2C6E47050070B7FE /* EventViewModel.swift */,
				FD6CF0EC2C6E452F0070B7FE /* EventListView.swift */,
				FD3776792C9B45A40027497C /* EventInformationView.swift */,
				FD660BB72C8D61E000F811A6 /* EventInfoSheet.swift */,
				FD6CF0F22C6E52960070B7FE /* AddEventView.swift */,
				FD6CF0F02C6E49A40070B7FE /* EditEventView.swift */,
				FDF75EE62C99D7FE001B1C8B /* Filters */,
			);
			name = Events;
			sourceTree = "<group>";
		};
		FDCECBE82C575B700020C37D = {
			isa = PBXGroup;
			children = (
				FDCECBF32C575B700020C37D /* ourPlan */,
				FDCECBF22C575B700020C37D /* Products */,
				FD3776752C9B31EC0027497C /* Frameworks */,
			);
			sourceTree = "<group>";
		};
		FDCECBF22C575B700020C37D /* Products */ = {
			isa = PBXGroup;
			children = (
				FDCECBF12C575B700020C37D /* ourPlan.app */,
			);
			name = Products;
			sourceTree = "<group>";
		};
		FDCECBF32C575B700020C37D /* ourPlan */ = {
			isa = PBXGroup;
			children = (
				FDCECC0B2C5920310020C37D /* ContentView + App */,
				FDCECC0C2C5920570020C37D /* CoreData */,
				FDCECC0E2C59207F0020C37D /* Main Views */,
				FDCECBF82C575B700020C37D /* Assets.xcassets */,
				FDCECBFA2C575B710020C37D /* Preview Content */,
			);
			path = ourPlan;
			sourceTree = "<group>";
		};
		FDCECBFA2C575B710020C37D /* Preview Content */ = {
			isa = PBXGroup;
			children = (
				FDCECBFB2C575B710020C37D /* Preview Assets.xcassets */,
			);
			path = "Preview Content";
			sourceTree = "<group>";
		};
		FDCECC0B2C5920310020C37D /* ContentView + App */ = {
			isa = PBXGroup;
			children = (
				FDCECBF42C575B700020C37D /* ourPlanApp.swift */,
				FDCECBF62C575B700020C37D /* ContentView.swift */,
				FD6CF0E82C6BF8910070B7FE /* Info.plist */,
			);
			name = "ContentView + App";
			sourceTree = "<group>";
		};
		FDCECC0C2C5920570020C37D /* CoreData */ = {
			isa = PBXGroup;
			children = (
				FDCECBFD2C575B710020C37D /* Persistence.swift */,
				FDCECBFF2C575B710020C37D /* ourPlan.xcdatamodeld */,
				FDCECC5B2C66A7190020C37D /* BackgroundFunctions.swift */,
			);
			name = CoreData;
			sourceTree = "<group>";
		};
		FDCECC0E2C59207F0020C37D /* Main Views */ = {
			isa = PBXGroup;
			children = (
				FDCECC072C575B930020C37D /* Main.swift */,
				FD6CF0E52C6BEC050070B7FE /* Spotify Playlist */,
				FDCECC4A2C65376D0020C37D /* Map */,
				FDCECC582C6680EF0020C37D /* Home  */,
				FD6CF0EB2C6E421B0070B7FE /* Events */,
				FDCECC452C5933850020C37D /* PeopleList */,
				FD3344D22C876F3500B61B57 /* ViewModifers */,
			);
			name = "Main Views";
			sourceTree = "<group>";
		};
		FDCECC452C5933850020C37D /* PeopleList */ = {
			isa = PBXGroup;
			children = (
				FDCECC092C59201B0020C37D /* Person.swift */,
				FDCECC0F2C5921180020C37D /* PeopleViewModel.swift */,
				FDCECC122C59253B0020C37D /* PeopleListView.swift */,
				FDCECC142C5925720020C37D /* AddPersonView.swift */,
				FDCECC162C5925930020C37D /* EditPersonView.swift */,
				FD6CF0E62C6BF7180070B7FE /* SyncContactsView.swift */,
			);
			name = PeopleList;
			sourceTree = "<group>";
		};
		FDCECC4A2C65376D0020C37D /* Map */ = {
			isa = PBXGroup;
			children = (
				FDCECC482C6537640020C37D /* Map.swift */,
				FDCECC4C2C653B2D0020C37D /* MapViewModel.swift */,
				FDCECC4E2C653B550020C37D /* MapDisplayView.swift */,
				FDCECC502C653E330020C37D /* LocationInfoView.swift */,
				FDCECC542C6555640020C37D /* FilterView.swift */,
				FDCECC522C654B880020C37D /* FilterSheetView.swift */,
			);
			name = Map;
			sourceTree = "<group>";
		};
		FDCECC582C6680EF0020C37D /* Home  */ = {
			isa = PBXGroup;
			children = (
				FDCECC5D2C66A72E0020C37D /* NameEntryView.swift */,
				FDCECC562C6680EB0020C37D /* WeddingHomeView.swift */,
				FDCECC592C6681500020C37D /* ProfileView.swift */,
			);
			name = "Home ";
			sourceTree = "<group>";
		};
		FDF75EE62C99D7FE001B1C8B /* Filters */ = {
			isa = PBXGroup;
			children = (
				FDF75EE22C99D3FC001B1C8B /* CreateCustomFilterView.swift */,
				FDF75EE42C99D7C7001B1C8B /* ManageFiltersView.swift */,
			);
			name = Filters;
			sourceTree = "<group>";
		};
/* End PBXGroup section */

/* Begin PBXNativeTarget section */
		FDCECBF02C575B700020C37D /* ourPlan */ = {
			isa = PBXNativeTarget;
			buildConfigurationList = FDCECC042C575B710020C37D /* Build configuration list for PBXNativeTarget "ourPlan" */;
			buildPhases = (
				FDCECBED2C575B700020C37D /* Sources */,
				FDCECBEE2C575B700020C37D /* Frameworks */,
				FDCECBEF2C575B700020C37D /* Resources */,
			);
			buildRules = (
			);
			dependencies = (
			);
			name = ourPlan;
			packageProductDependencies = (
				FDCECC3D2C5931650020C37D /* FSCalendar */,
				FD5124152C7E129D002B6DB8 /* SpotifyiOS */,
			);
			productName = ourPlan;
			productReference = FDCECBF12C575B700020C37D /* ourPlan.app */;
			productType = "com.apple.product-type.application";
		};
/* End PBXNativeTarget section */

/* Begin PBXProject section */
		FDCECBE92C575B700020C37D /* Project object */ = {
			isa = PBXProject;
			attributes = {
				BuildIndependentTargetsInParallel = 1;
				LastSwiftUpdateCheck = 1520;
				LastUpgradeCheck = 1520;
				TargetAttributes = {
					FDCECBF02C575B700020C37D = {
						CreatedOnToolsVersion = 15.2;
					};
				};
			};
			buildConfigurationList = FDCECBEC2C575B700020C37D /* Build configuration list for PBXProject "ourPlan" */;
			compatibilityVersion = "Xcode 14.0";
			developmentRegion = en;
			hasScannedForEncodings = 0;
			knownRegions = (
				en,
				Base,
			);
			mainGroup = FDCECBE82C575B700020C37D;
			packageReferences = (
				FDCECC3C2C5931650020C37D /* XCRemoteSwiftPackageReference "FSCalendar" */,
				FD5124142C7E129D002B6DB8 /* XCRemoteSwiftPackageReference "ios-sdk" */,
			);
			productRefGroup = FDCECBF22C575B700020C37D /* Products */;
			projectDirPath = "";
			projectRoot = "";
			targets = (
				FDCECBF02C575B700020C37D /* ourPlan */,
			);
		};
/* End PBXProject section */

/* Begin PBXResourcesBuildPhase section */
		FDCECBEF2C575B700020C37D /* Resources */ = {
			isa = PBXResourcesBuildPhase;
			buildActionMask = 2147483647;
			files = (
				FDCECBFC2C575B710020C37D /* Preview Assets.xcassets in Resources */,
				FDCECBF92C575B700020C37D /* Assets.xcassets in Resources */,
			);
			runOnlyForDeploymentPostprocessing = 0;
		};
/* End PBXResourcesBuildPhase section */

/* Begin PBXSourcesBuildPhase section */
		FDCECBED2C575B700020C37D /* Sources */ = {
			isa = PBXSourcesBuildPhase;
			buildActionMask = 2147483647;
			files = (
				FD6CF0E72C6BF7180070B7FE /* SyncContactsView.swift in Sources */,
				FDCECC5C2C66A7190020C37D /* BackgroundFunctions.swift in Sources */,
				FDCECC0A2C59201B0020C37D /* Person.swift in Sources */,
				FD6CF0ED2C6E452F0070B7FE /* EventListView.swift in Sources */,
				FDCECC172C5925930020C37D /* EditPersonView.swift in Sources */,
				FD5124112C7D0E3F002B6DB8 /* SpotifyAuthManager.swift in Sources */,
				FDCECBFE2C575B710020C37D /* Persistence.swift in Sources */,
				FD660BB82C8D61E000F811A6 /* EventInfoSheet.swift in Sources */,
				FDCECC5E2C66A72E0020C37D /* NameEntryView.swift in Sources */,
				FDCECC152C5925720020C37D /* AddPersonView.swift in Sources */,
				FDF75EE82C99DCF4001B1C8B /* CustomSheetModifier.swift in Sources */,
				FDCECC572C6680EB0020C37D /* WeddingHomeView.swift in Sources */,
				FDEEA1C92C87515300BC8645 /* SpotifyRotatingColor.swift in Sources */,
				FDCECC4D2C653B2D0020C37D /* MapViewModel.swift in Sources */,
				FDCECC552C6555640020C37D /* FilterView.swift in Sources */,
				FDCECC492C6537640020C37D /* Map.swift in Sources */,
				FDCECC4F2C653B550020C37D /* MapDisplayView.swift in Sources */,
				FD3344D62C87E4F900B61B57 /* PlaylistDetailView.swift in Sources */,
				FD6CF0EF2C6E47050070B7FE /* EventViewModel.swift in Sources */,
				FDEE6B2C2C8F856F00213E85 /* HomeScreenGradient.swift in Sources */,
				FDCECC532C654B880020C37D /* FilterSheetView.swift in Sources */,
				FDEEA1CB2C875E3A00BC8645 /* hexExtension.swift in Sources */,
				FD5124132C7D0FF5002B6DB8 /* SpotifyPlaylistView.swift in Sources */,
				FD660BB62C8C343400F811A6 /* CreatePlaylistView.swift in Sources */,
				FDCECC012C575B710020C37D /* ourPlan.xcdatamodeld in Sources */,
				FDCECC132C59253B0020C37D /* PeopleListView.swift in Sources */,
				FDF75EE32C99D3FC001B1C8B /* CreateCustomFilterView.swift in Sources */,
				FD3344D12C876F3000B61B57 /* WeddingRotatingColor.swift in Sources */,
				FDCECC082C575B930020C37D /* Main.swift in Sources */,
				FD6CF0F12C6E49A40070B7FE /* EditEventView.swift in Sources */,
				FD6CF0F32C6E52960070B7FE /* AddEventView.swift in Sources */,
				FD6CF0EA2C6E42170070B7FE /* Event.swift in Sources */,
				FD37767A2C9B45A40027497C /* EventInformationView.swift in Sources */,
				FDCECC102C5921180020C37D /* PeopleViewModel.swift in Sources */,
				FD3344D42C87DC1300B61B57 /* Playlist.swift in Sources */,
				FDCECC512C653E330020C37D /* LocationInfoView.swift in Sources */,
				FDCECBF72C575B700020C37D /* ContentView.swift in Sources */,
				FDCECC5A2C6681500020C37D /* ProfileView.swift in Sources */,
				FDCECBF52C575B700020C37D /* ourPlanApp.swift in Sources */,
				FDF75EE52C99D7C7001B1C8B /* ManageFiltersView.swift in Sources */,
			);
			runOnlyForDeploymentPostprocessing = 0;
		};
/* End PBXSourcesBuildPhase section */

/* Begin XCBuildConfiguration section */
		FDCECC022C575B710020C37D /* Debug */ = {
			isa = XCBuildConfiguration;
			buildSettings = {
				ALWAYS_SEARCH_USER_PATHS = NO;
				ASSETCATALOG_COMPILER_GENERATE_SWIFT_ASSET_SYMBOL_EXTENSIONS = YES;
				CLANG_ANALYZER_NONNULL = YES;
				CLANG_ANALYZER_NUMBER_OBJECT_CONVERSION = YES_AGGRESSIVE;
				CLANG_CXX_LANGUAGE_STANDARD = "gnu++20";
				CLANG_ENABLE_MODULES = YES;
				CLANG_ENABLE_OBJC_ARC = YES;
				CLANG_ENABLE_OBJC_WEAK = YES;
				CLANG_WARN_BLOCK_CAPTURE_AUTORELEASING = YES;
				CLANG_WARN_BOOL_CONVERSION = YES;
				CLANG_WARN_COMMA = YES;
				CLANG_WARN_CONSTANT_CONVERSION = YES;
				CLANG_WARN_DEPRECATED_OBJC_IMPLEMENTATIONS = YES;
				CLANG_WARN_DIRECT_OBJC_ISA_USAGE = YES_ERROR;
				CLANG_WARN_DOCUMENTATION_COMMENTS = YES;
				CLANG_WARN_EMPTY_BODY = YES;
				CLANG_WARN_ENUM_CONVERSION = YES;
				CLANG_WARN_INFINITE_RECURSION = YES;
				CLANG_WARN_INT_CONVERSION = YES;
				CLANG_WARN_NON_LITERAL_NULL_CONVERSION = YES;
				CLANG_WARN_OBJC_IMPLICIT_RETAIN_SELF = YES;
				CLANG_WARN_OBJC_LITERAL_CONVERSION = YES;
				CLANG_WARN_OBJC_ROOT_CLASS = YES_ERROR;
				CLANG_WARN_QUOTED_INCLUDE_IN_FRAMEWORK_HEADER = YES;
				CLANG_WARN_RANGE_LOOP_ANALYSIS = YES;
				CLANG_WARN_STRICT_PROTOTYPES = YES;
				CLANG_WARN_SUSPICIOUS_MOVE = YES;
				CLANG_WARN_UNGUARDED_AVAILABILITY = YES_AGGRESSIVE;
				CLANG_WARN_UNREACHABLE_CODE = YES;
				CLANG_WARN__DUPLICATE_METHOD_MATCH = YES;
				COPY_PHASE_STRIP = NO;
				DEBUG_INFORMATION_FORMAT = dwarf;
				ENABLE_STRICT_OBJC_MSGSEND = YES;
				ENABLE_TESTABILITY = YES;
				ENABLE_USER_SCRIPT_SANDBOXING = YES;
				GCC_C_LANGUAGE_STANDARD = gnu17;
				GCC_DYNAMIC_NO_PIC = NO;
				GCC_NO_COMMON_BLOCKS = YES;
				GCC_OPTIMIZATION_LEVEL = 0;
				GCC_PREPROCESSOR_DEFINITIONS = (
					"DEBUG=1",
					"$(inherited)",
				);
				GCC_WARN_64_TO_32_BIT_CONVERSION = YES;
				GCC_WARN_ABOUT_RETURN_TYPE = YES_ERROR;
				GCC_WARN_UNDECLARED_SELECTOR = YES;
				GCC_WARN_UNINITIALIZED_AUTOS = YES_AGGRESSIVE;
				GCC_WARN_UNUSED_FUNCTION = YES;
				GCC_WARN_UNUSED_VARIABLE = YES;
				IPHONEOS_DEPLOYMENT_TARGET = 17.2;
				LOCALIZATION_PREFERS_STRING_CATALOGS = YES;
				MTL_ENABLE_DEBUG_INFO = INCLUDE_SOURCE;
				MTL_FAST_MATH = YES;
				ONLY_ACTIVE_ARCH = YES;
				SDKROOT = iphoneos;
				SWIFT_ACTIVE_COMPILATION_CONDITIONS = "DEBUG $(inherited)";
				SWIFT_OPTIMIZATION_LEVEL = "-Onone";
			};
			name = Debug;
		};
		FDCECC032C575B710020C37D /* Release */ = {
			isa = XCBuildConfiguration;
			buildSettings = {
				ALWAYS_SEARCH_USER_PATHS = NO;
				ASSETCATALOG_COMPILER_GENERATE_SWIFT_ASSET_SYMBOL_EXTENSIONS = YES;
				CLANG_ANALYZER_NONNULL = YES;
				CLANG_ANALYZER_NUMBER_OBJECT_CONVERSION = YES_AGGRESSIVE;
				CLANG_CXX_LANGUAGE_STANDARD = "gnu++20";
				CLANG_ENABLE_MODULES = YES;
				CLANG_ENABLE_OBJC_ARC = YES;
				CLANG_ENABLE_OBJC_WEAK = YES;
				CLANG_WARN_BLOCK_CAPTURE_AUTORELEASING = YES;
				CLANG_WARN_BOOL_CONVERSION = YES;
				CLANG_WARN_COMMA = YES;
				CLANG_WARN_CONSTANT_CONVERSION = YES;
				CLANG_WARN_DEPRECATED_OBJC_IMPLEMENTATIONS = YES;
				CLANG_WARN_DIRECT_OBJC_ISA_USAGE = YES_ERROR;
				CLANG_WARN_DOCUMENTATION_COMMENTS = YES;
				CLANG_WARN_EMPTY_BODY = YES;
				CLANG_WARN_ENUM_CONVERSION = YES;
				CLANG_WARN_INFINITE_RECURSION = YES;
				CLANG_WARN_INT_CONVERSION = YES;
				CLANG_WARN_NON_LITERAL_NULL_CONVERSION = YES;
				CLANG_WARN_OBJC_IMPLICIT_RETAIN_SELF = YES;
				CLANG_WARN_OBJC_LITERAL_CONVERSION = YES;
				CLANG_WARN_OBJC_ROOT_CLASS = YES_ERROR;
				CLANG_WARN_QUOTED_INCLUDE_IN_FRAMEWORK_HEADER = YES;
				CLANG_WARN_RANGE_LOOP_ANALYSIS = YES;
				CLANG_WARN_STRICT_PROTOTYPES = YES;
				CLANG_WARN_SUSPICIOUS_MOVE = YES;
				CLANG_WARN_UNGUARDED_AVAILABILITY = YES_AGGRESSIVE;
				CLANG_WARN_UNREACHABLE_CODE = YES;
				CLANG_WARN__DUPLICATE_METHOD_MATCH = YES;
				COPY_PHASE_STRIP = NO;
				DEBUG_INFORMATION_FORMAT = "dwarf-with-dsym";
				ENABLE_NS_ASSERTIONS = NO;
				ENABLE_STRICT_OBJC_MSGSEND = YES;
				ENABLE_USER_SCRIPT_SANDBOXING = YES;
				GCC_C_LANGUAGE_STANDARD = gnu17;
				GCC_NO_COMMON_BLOCKS = YES;
				GCC_WARN_64_TO_32_BIT_CONVERSION = YES;
				GCC_WARN_ABOUT_RETURN_TYPE = YES_ERROR;
				GCC_WARN_UNDECLARED_SELECTOR = YES;
				GCC_WARN_UNINITIALIZED_AUTOS = YES_AGGRESSIVE;
				GCC_WARN_UNUSED_FUNCTION = YES;
				GCC_WARN_UNUSED_VARIABLE = YES;
				IPHONEOS_DEPLOYMENT_TARGET = 17.2;
				LOCALIZATION_PREFERS_STRING_CATALOGS = YES;
				MTL_ENABLE_DEBUG_INFO = NO;
				MTL_FAST_MATH = YES;
				SDKROOT = iphoneos;
				SWIFT_COMPILATION_MODE = wholemodule;
				VALIDATE_PRODUCT = YES;
			};
			name = Release;
		};
		FDCECC052C575B710020C37D /* Debug */ = {
			isa = XCBuildConfiguration;
			buildSettings = {
				ASSETCATALOG_COMPILER_APPICON_NAME = AppIcon;
				ASSETCATALOG_COMPILER_GLOBAL_ACCENT_COLOR_NAME = AccentColor;
				CODE_SIGN_ENTITLEMENTS = ourPlan/ourPlan.entitlements;
				CODE_SIGN_STYLE = Automatic;
				CURRENT_PROJECT_VERSION = 1;
				DEVELOPMENT_ASSET_PATHS = "\"ourPlan/Preview Content\"";
				DEVELOPMENT_TEAM = 85Q729JR8Z;
				ENABLE_PREVIEWS = YES;
				GENERATE_INFOPLIST_FILE = YES;
				INFOPLIST_FILE = ourPlan/Info.plist;
				INFOPLIST_KEY_CFBundleDisplayName = ourPlan;
				INFOPLIST_KEY_NSContactsUsageDescription = "We need access to your contacts to allow you to sync with your wedding plan.";
				INFOPLIST_KEY_UIApplicationSceneManifest_Generation = YES;
				INFOPLIST_KEY_UIApplicationSupportsIndirectInputEvents = YES;
				INFOPLIST_KEY_UILaunchScreen_Generation = YES;
				INFOPLIST_KEY_UISupportedInterfaceOrientations = UIInterfaceOrientationPortrait;
				IPHONEOS_DEPLOYMENT_TARGET = 17.0;
				LD_RUNPATH_SEARCH_PATHS = (
					"$(inherited)",
					"@executable_path/Frameworks",
				);
				MARKETING_VERSION = 1.0;
				PRODUCT_BUNDLE_IDENTIFIER = com.stengel.ourPlan;
				PRODUCT_NAME = "$(TARGET_NAME)";
				SUPPORTED_PLATFORMS = "iphoneos iphonesimulator";
				SUPPORTS_MACCATALYST = NO;
				SUPPORTS_MAC_DESIGNED_FOR_IPHONE_IPAD = NO;
				SUPPORTS_XR_DESIGNED_FOR_IPHONE_IPAD = NO;
				SWIFT_EMIT_LOC_STRINGS = YES;
				SWIFT_VERSION = 5.0;
				TARGETED_DEVICE_FAMILY = 1;
			};
			name = Debug;
		};
		FDCECC062C575B710020C37D /* Release */ = {
			isa = XCBuildConfiguration;
			buildSettings = {
				ASSETCATALOG_COMPILER_APPICON_NAME = AppIcon;
				ASSETCATALOG_COMPILER_GLOBAL_ACCENT_COLOR_NAME = AccentColor;
				CODE_SIGN_ENTITLEMENTS = ourPlan/ourPlan.entitlements;
				CODE_SIGN_STYLE = Automatic;
				CURRENT_PROJECT_VERSION = 1;
				DEVELOPMENT_ASSET_PATHS = "\"ourPlan/Preview Content\"";
				DEVELOPMENT_TEAM = 85Q729JR8Z;
				ENABLE_PREVIEWS = YES;
				GENERATE_INFOPLIST_FILE = YES;
				INFOPLIST_FILE = ourPlan/Info.plist;
				INFOPLIST_KEY_CFBundleDisplayName = ourPlan;
				INFOPLIST_KEY_NSContactsUsageDescription = "We need access to your contacts to allow you to sync with your wedding plan.";
				INFOPLIST_KEY_UIApplicationSceneManifest_Generation = YES;
				INFOPLIST_KEY_UIApplicationSupportsIndirectInputEvents = YES;
				INFOPLIST_KEY_UILaunchScreen_Generation = YES;
				INFOPLIST_KEY_UISupportedInterfaceOrientations = UIInterfaceOrientationPortrait;
				IPHONEOS_DEPLOYMENT_TARGET = 17.0;
				LD_RUNPATH_SEARCH_PATHS = (
					"$(inherited)",
					"@executable_path/Frameworks",
				);
				MARKETING_VERSION = 1.0;
				PRODUCT_BUNDLE_IDENTIFIER = com.stengel.ourPlan;
				PRODUCT_NAME = "$(TARGET_NAME)";
				SUPPORTED_PLATFORMS = "iphoneos iphonesimulator";
				SUPPORTS_MACCATALYST = NO;
				SUPPORTS_MAC_DESIGNED_FOR_IPHONE_IPAD = NO;
				SUPPORTS_XR_DESIGNED_FOR_IPHONE_IPAD = NO;
				SWIFT_EMIT_LOC_STRINGS = YES;
				SWIFT_VERSION = 5.0;
				TARGETED_DEVICE_FAMILY = 1;
			};
			name = Release;
		};
/* End XCBuildConfiguration section */

/* Begin XCConfigurationList section */
		FDCECBEC2C575B700020C37D /* Build configuration list for PBXProject "ourPlan" */ = {
			isa = XCConfigurationList;
			buildConfigurations = (
				FDCECC022C575B710020C37D /* Debug */,
				FDCECC032C575B710020C37D /* Release */,
			);
			defaultConfigurationIsVisible = 0;
			defaultConfigurationName = Release;
		};
		FDCECC042C575B710020C37D /* Build configuration list for PBXNativeTarget "ourPlan" */ = {
			isa = XCConfigurationList;
			buildConfigurations = (
				FDCECC052C575B710020C37D /* Debug */,
				FDCECC062C575B710020C37D /* Release */,
			);
			defaultConfigurationIsVisible = 0;
			defaultConfigurationName = Release;
		};
/* End XCConfigurationList section */

/* Begin XCRemoteSwiftPackageReference section */
		FD5124142C7E129D002B6DB8 /* XCRemoteSwiftPackageReference "ios-sdk" */ = {
			isa = XCRemoteSwiftPackageReference;
			repositoryURL = "https://github.com/spotify/ios-sdk";
			requirement = {
				branch = master;
				kind = branch;
			};
		};
		FDCECC3C2C5931650020C37D /* XCRemoteSwiftPackageReference "FSCalendar" */ = {
			isa = XCRemoteSwiftPackageReference;
			repositoryURL = "https://github.com/WenchaoD/FSCalendar";
			requirement = {
				kind = upToNextMajorVersion;
				minimumVersion = 2.8.4;
			};
		};
/* End XCRemoteSwiftPackageReference section */

/* Begin XCSwiftPackageProductDependency section */
		FD5124152C7E129D002B6DB8 /* SpotifyiOS */ = {
			isa = XCSwiftPackageProductDependency;
			package = FD5124142C7E129D002B6DB8 /* XCRemoteSwiftPackageReference "ios-sdk" */;
			productName = SpotifyiOS;
		};
		FDCECC3D2C5931650020C37D /* FSCalendar */ = {
			isa = XCSwiftPackageProductDependency;
			package = FDCECC3C2C5931650020C37D /* XCRemoteSwiftPackageReference "FSCalendar" */;
			productName = FSCalendar;
		};
/* End XCSwiftPackageProductDependency section */

/* Begin XCVersionGroup section */
		FDCECBFF2C575B710020C37D /* ourPlan.xcdatamodeld */ = {
			isa = XCVersionGroup;
			children = (
				FDCECC002C575B710020C37D /* ourPlan.xcdatamodel */,
			);
			currentVersion = FDCECC002C575B710020C37D /* ourPlan.xcdatamodel */;
			path = ourPlan.xcdatamodeld;
			sourceTree = "<group>";
			versionGroupType = wrapper.xcdatamodel;
		};
/* End XCVersionGroup section */
	};
	rootObject = FDCECBE92C575B700020C37D /* Project object */;
}
